
Microsoft Visual Studio Solution File, Format Version 12.00
# Visual Studio Version 16
VisualStudioVersion = 16.0.28803.202
MinimumVisualStudioVersion = 10.0.40219.1
Project("{FAE04EC0-301F-11D3-BF4B-00C04F79EFBC}") = "Muon", "WpfApp2\Muon.csproj", "{64EE07E1-8CCF-40E1-8574-70DF30D8B85F}"
EndProject
Project("{9A19103F-16F7-4668-BE54-9A1E7A4F7556}") = "UnitTest", "UnitTest\UnitTest.csproj", "{066FDC2D-6C6C-44BB-BABE-2BE4AD9BCF5C}"
EndProject
Global
	GlobalSection(SolutionConfigurationPlatforms) = preSolution
		Debug|Any CPU = Debug|Any CPU
		Release|Any CPU = Release|Any CPU
	EndGlobalSection
	GlobalSection(ProjectConfigurationPlatforms) = postSolution
		{64EE07E1-8CCF-40E1-8574-70DF30D8B85F}.Debug|Any CPU.ActiveCfg = Debug|Any CPU
		{64EE07E1-8CCF-40E1-8574-70DF30D8B85F}.Debug|Any CPU.Build.0 = Debug|Any CPU
		{64EE07E1-8CCF-40E1-8574-70DF30D8B85F}.Release|Any CPU.ActiveCfg = Release|Any CPU
		{64EE07E1-8CCF-40E1-8574-70DF30D8B85F}.Release|Any CPU.Build.0 = Release|Any CPU
		{066FDC2D-6C6C-44BB-BABE-2BE4AD9BCF5C}.Debug|Any CPU.ActiveCfg = Debug|Any CPU
		{066FDC2D-6C6C-44BB-BABE-2BE4AD9BCF5C}.Debug|Any CPU.Build.0 = Debug|Any CPU
		{066FDC2D-6C6C-44BB-BABE-2BE4AD9BCF5C}.Release|Any CPU.ActiveCfg = Release|Any CPU
		{066FDC2D-6C6C-44BB-BABE-2BE4AD9BCF5C}.Release|Any CPU.Build.0 = Release|Any CPU
	EndGlobalSection
	GlobalSection(SolutionProperties) = preSolution
		HideSolutionNode = FALSE
	EndGlobalSection
	GlobalSection(ExtensibilityGlobals) = postSolution
		SolutionGuid = {9871F4D8-C543-4CBF-8E36-DBDA88F9D13B}
	EndGlobalSection
EndGlobal
