
Microsoft Visual Studio Solution File, Format Version 12.00
# Visual Studio 15
VisualStudioVersion = 15.0.28307.329
MinimumVisualStudioVersion = 10.0.40219.1
Project("{FAE04EC0-301F-11D3-BF4B-00C04F79EFBC}") = "WpfApp2", "WpfApp2\WpfApp2.csproj", "{64EE07E1-8CCF-40E1-8574-70DF30D8B85F}"
EndProject
Global
	GlobalSection(SolutionConfigurationPlatforms) = preSolution
		Debug|Any CPU = Debug|Any CPU
		Release|Any CPU = Release|Any CPU
	EndGlobalSection
	GlobalSection(ProjectConfigurationPlatforms) = postSolution
		{64EE07E1-8CCF-40E1-8574-70DF30D8B85F}.Debug|Any CPU.ActiveCfg = Debug|Any CPU
		{64EE07E1-8CCF-40E1-8574-70DF30D8B85F}.Debug|Any CPU.Build.0 = Debug|Any CPU
		{64EE07E1-8CCF-40E1-8574-70DF30D8B85F}.Release|Any CPU.ActiveCfg = Release|Any CPU
		{64EE07E1-8CCF-40E1-8574-70DF30D8B85F}.Release|Any CPU.Build.0 = Release|Any CPU
	EndGlobalSection
	GlobalSection(SolutionProperties) = preSolution
		HideSolutionNode = FALSE
	EndGlobalSection
	GlobalSection(ExtensibilityGlobals) = postSolution
		SolutionGuid = {9871F4D8-C543-4CBF-8E36-DBDA88F9D13B}
	EndGlobalSection
EndGlobal
